schema: '2.0'
stages:
  data_ingestion:
    cmd: python src/data/make_dataset.py
    deps:
    - path: src/data/make_dataset.py
      hash: md5
      md5: b89824b73060402ea2fad80caa1b08de
      size: 3259
    params:
      params.yaml:
        data_ingestion.test_size: 0.2
    outs:
    - path: data/raw
      hash: md5
      md5: fb326d2eec197669f9638afde28356bf.dir
      size: 827973
      nfiles: 2
  data_preprocessing:
    cmd: python src/data/preprocess.py
    deps:
    - path: data/raw
      hash: md5
      md5: fb326d2eec197669f9638afde28356bf.dir
      size: 827973
      nfiles: 2
    - path: src/data/preprocess.py
      hash: md5
      md5: d846870d1ba6e8dc8983dc97232532b1
      size: 3704
    outs:
    - path: data/interim
      hash: md5
      md5: 6a8cec701ebf682e6c077676bc9bc1aa.dir
      size: 566210
      nfiles: 2
  feature_engineering:
    cmd: python src/features/build_features.py
    deps:
    - path: data/interim
      hash: md5
      md5: 6a8cec701ebf682e6c077676bc9bc1aa.dir
      size: 566210
      nfiles: 2
    - path: src/features/build_features.py
      hash: md5
      md5: ed96f98caeead06f1da22a36b9bacae6
      size: 3567
    params:
      params.yaml:
        feature_engineering.max_features: 45
    outs:
    - path: data/processed
      hash: md5
      md5: c8f4f34021b7fbff26d1496177d58983.dir
      size: 2101601
      nfiles: 2
  model_training:
    cmd: python src/model/train_model.py
    deps:
    - path: data/processed
      hash: md5
      md5: c8f4f34021b7fbff26d1496177d58983.dir
      size: 2101601
      nfiles: 2
    - path: src/model/train_model.py
      hash: md5
      md5: 57776b1312bf542ede9d52b270b6bc47
      size: 3046
    params:
      params.yaml:
        model_building.learning_rate: 0.1
        model_building.n_estimators: 25
    outs:
    - path: models/model.pkl
      hash: md5
      md5: 815e861ec68a53bb7fe5e4813a722bc4
      size: 39180
  model_evaluation:
    cmd: python src/model/predict_model.py
    deps:
    - path: models/model.pkl
      hash: md5
      md5: 815e861ec68a53bb7fe5e4813a722bc4
      size: 39180
    - path: src/model/predict_model.py
      hash: md5
      md5: 6f302b0e22b728379a015f3c7200285f
      size: 3060
    outs:
    - path: reports/metrics.json
      hash: md5
      md5: c7813e95ad6a8df45b8445c2f9fa2a76
      size: 145
